// !$*UTF8*$!
{
	archiveVersion = 1;
	classes = {
	};
	objectVersion = 46;
	objects = {

/* Begin PBXBuildFile section */
		4B95608C1AA249EB00104A44 /* AppDelegate.swift in Sources */ = {isa = PBXBuildFile; fileRef = 4B95608B1AA249EB00104A44 /* AppDelegate.swift */; };
		4B95608E1AA249EB00104A44 /* ViewController.swift in Sources */ = {isa = PBXBuildFile; fileRef = 4B95608D1AA249EB00104A44 /* ViewController.swift */; };
		4B9560901AA249EB00104A44 /* Images.xcassets in Resources */ = {isa = PBXBuildFile; fileRef = 4B95608F1AA249EB00104A44 /* Images.xcassets */; };
		4B9560931AA249EB00104A44 /* Main.storyboard in Resources */ = {isa = PBXBuildFile; fileRef = 4B9560911AA249EB00104A44 /* Main.storyboard */; };
		4B95609F1AA249EB00104A44 /* SayTests.swift in Sources */ = {isa = PBXBuildFile; fileRef = 4B95609E1AA249EB00104A44 /* SayTests.swift */; };
/* End PBXBuildFile section */

/* Begin PBXContainerItemProxy section */
		4B9560991AA249EB00104A44 /* PBXContainerItemProxy */ = {
			isa = PBXContainerItemProxy;
			containerPortal = 4B95607E1AA249EB00104A44 /* Project object */;
			proxyType = 1;
			remoteGlobalIDString = 4B9560851AA249EB00104A44;
			remoteInfo = Say;
		};
/* End PBXContainerItemProxy section */

/* Begin PBXFileReference section */
		4B9560861AA249EB00104A44 /* Say.app */ = {isa = PBXFileReference; explicitFileType = wrapper.application; includeInIndex = 0; path = Say.app; sourceTree = BUILT_PRODUCTS_DIR; };
		4B95608A1AA249EB00104A44 /* Info.plist */ = {isa = PBXFileReference; lastKnownFileType = text.plist.xml; path = Info.plist; sourceTree = "<group>"; };
		4B95608B1AA249EB00104A44 /* AppDelegate.swift */ = {isa = PBXFileReference; lastKnownFileType = sourcecode.swift; path = AppDelegate.swift; sourceTree = "<group>"; };
		4B95608D1AA249EB00104A44 /* ViewController.swift */ = {isa = PBXFileReference; lastKnownFileType = sourcecode.swift; path = ViewController.swift; sourceTree = "<group>"; };
		4B95608F1AA249EB00104A44 /* Images.xcassets */ = {isa = PBXFileReference; lastKnownFileType = folder.assetcatalog; path = Images.xcassets; sourceTree = "<group>"; };
		4B9560921AA249EB00104A44 /* Base */ = {isa = PBXFileReference; lastKnownFileType = file.storyboard; name = Base; path = Base.lproj/Main.storyboard; sourceTree = "<group>"; };
		4B9560981AA249EB00104A44 /* SayTests.xctest */ = {isa = PBXFileReference; explicitFileType = wrapper.cfbundle; includeInIndex = 0; path = SayTests.xctest; sourceTree = BUILT_PRODUCTS_DIR; };
		4B95609D1AA249EB00104A44 /* Info.plist */ = {isa = PBXFileReference; lastKnownFileType = text.plist.xml; path = Info.plist; sourceTree = "<group>"; };
		4B95609E1AA249EB00104A44 /* SayTests.swift */ = {isa = PBXFileReference; lastKnownFileType = sourcecode.swift; path = SayTests.swift; sourceTree = "<group>"; };
/* End PBXFileReference section */

/* Begin PBXFrameworksBuildPhase section */
		4B9560831AA249EB00104A44 /* Frameworks */ = {
			isa = PBXFrameworksBuildPhase;
			buildActionMask = 2147483647;
			files = (
			);
			runOnlyForDeploymentPostprocessing = 0;
		};
		4B9560951AA249EB00104A44 /* Frameworks */ = {
			isa = PBXFrameworksBuildPhase;
			buildActionMask = 2147483647;
			files = (
			);
			runOnlyForDeploymentPostprocessing = 0;
		};
/* End PBXFrameworksBuildPhase section */

/* Begin PBXGroup section */
		4B95607D1AA249EB00104A44 = {
			isa = PBXGroup;
			children = (
				4B9560881AA249EB00104A44 /* Say */,
				4B95609B1AA249EB00104A44 /* SayTests */,
				4B9560871AA249EB00104A44 /* Products */,
			);
			sourceTree = "<group>";
		};
		4B9560871AA249EB00104A44 /* Products */ = {
			isa = PBXGroup;
			children = (
				4B9560861AA249EB00104A44 /* Say.app */,
				4B9560981AA249EB00104A44 /* SayTests.xctest */,
			);
			name = Products;
			sourceTree = "<group>";
		};
		4B9560881AA249EB00104A44 /* Say */ = {
			isa = PBXGroup;
			children = (
				4B95608B1AA249EB00104A44 /* AppDelegate.swift */,
				4B95608D1AA249EB00104A44 /* ViewController.swift */,
				4B95608F1AA249EB00104A44 /* Images.xcassets */,
				4B9560911AA249EB00104A44 /* Main.storyboard */,
				4B9560891AA249EB00104A44 /* Supporting Files */,
			);
			path = Say;
			sourceTree = "<group>";
		};
		4B9560891AA249EB00104A44 /* Supporting Files */ = {
			isa = PBXGroup;
			children = (
				4B95608A1AA249EB00104A44 /* Info.plist */,
			);
			name = "Supporting Files";
			sourceTree = "<group>";
		};
		4B95609B1AA249EB00104A44 /* SayTests */ = {
			isa = PBXGroup;
			children = (
				4B95609E1AA249EB00104A44 /* SayTests.swift */,
				4B95609C1AA249EB00104A44 /* Supporting Files */,
			);
			path = SayTests;
			sourceTree = "<group>";
		};
		4B95609C1AA249EB00104A44 /* Supporting Files */ = {
			isa = PBXGroup;
			children = (
				4B95609D1AA249EB00104A44 /* Info.plist */,
			);
			name = "Supporting Files";
			sourceTree = "<group>";
		};
/* End PBXGroup section */

/* Begin PBXNativeTarget section */
		4B9560851AA249EB00104A44 /* Say */ = {
			isa = PBXNativeTarget;
			buildConfigurationList = 4B9560A21AA249EB00104A44 /* Build configuration list for PBXNativeTarget "Say" */;
			buildPhases = (
				4B9560821AA249EB00104A44 /* Sources */,
				4B9560831AA249EB00104A44 /* Frameworks */,
				4B9560841AA249EB00104A44 /* Resources */,
			);
			buildRules = (
			);
			dependencies = (
			);
			name = Say;
			productName = Say;
			productReference = 4B9560861AA249EB00104A44 /* Say.app */;
			productType = "com.apple.product-type.application";
		};
		4B9560971AA249EB00104A44 /* SayTests */ = {
			isa = PBXNativeTarget;
			buildConfigurationList = 4B9560A51AA249EB00104A44 /* Build configuration list for PBXNativeTarget "SayTests" */;
			buildPhases = (
				4B9560941AA249EB00104A44 /* Sources */,
				4B9560951AA249EB00104A44 /* Frameworks */,
				4B9560961AA249EB00104A44 /* Resources */,
			);
			buildRules = (
			);
			dependencies = (
				4B95609A1AA249EB00104A44 /* PBXTargetDependency */,
			);
			name = SayTests;
			productName = SayTests;
			productReference = 4B9560981AA249EB00104A44 /* SayTests.xctest */;
			productType = "com.apple.product-type.bundle.unit-test";
		};
/* End PBXNativeTarget section */

/* Begin PBXProject section */
		4B95607E1AA249EB00104A44 /* Project object */ = {
			isa = PBXProject;
			attributes = {
				LastUpgradeCheck = 0610;
				ORGANIZATIONNAME = "Yu Chen";
				TargetAttributes = {
					4B9560851AA249EB00104A44 = {
						CreatedOnToolsVersion = 6.1.1;
					};
					4B9560971AA249EB00104A44 = {
						CreatedOnToolsVersion = 6.1.1;
						TestTargetID = 4B9560851AA249EB00104A44;
					};
				};
			};
			buildConfigurationList = 4B9560811AA249EB00104A44 /* Build configuration list for PBXProject "Say" */;
			compatibilityVersion = "Xcode 3.2";
			developmentRegion = English;
			hasScannedForEncodings = 0;
			knownRegions = (
				en,
				Base,
			);
			mainGroup = 4B95607D1AA249EB00104A44;
			productRefGroup = 4B9560871AA249EB00104A44 /* Products */;
			projectDirPath = "";
			projectRoot = "";
			targets = (
				4B9560851AA249EB00104A44 /* Say */,
				4B9560971AA249EB00104A44 /* SayTests */,
			);
		};
/* End PBXProject section */

/* Begin PBXResourcesBuildPhase section */
		4B9560841AA249EB00104A44 /* Resources */ = {
			isa = PBXResourcesBuildPhase;
			buildActionMask = 2147483647;
			files = (
				4B9560901AA249EB00104A44 /* Images.xcassets in Resources */,
				4B9560931AA249EB00104A44 /* Main.storyboard in Resources */,
			);
			runOnlyForDeploymentPostprocessing = 0;
		};
		4B9560961AA249EB00104A44 /* Resources */ = {
			isa = PBXResourcesBuildPhase;
			buildActionMask = 2147483647;
			files = (
			);
			runOnlyForDeploymentPostprocessing = 0;
		};
/* End PBXResourcesBuildPhase section */

/* Begin PBXSourcesBuildPhase section */
		4B9560821AA249EB00104A44 /* Sources */ = {
			isa = PBXSourcesBuildPhase;
			buildActionMask = 2147483647;
			files = (
				4B95608E1AA249EB00104A44 /* ViewController.swift in Sources */,
				4B95608C1AA249EB00104A44 /* AppDelegate.swift in Sources */,
			);
			runOnlyForDeploymentPostprocessing = 0;
		};
		4B9560941AA249EB00104A44 /* Sources */ = {
			isa = PBXSourcesBuildPhase;
			buildActionMask = 2147483647;
			files = (
				4B95609F1AA249EB00104A44 /* SayTests.swift in Sources */,
			);
			runOnlyForDeploymentPostprocessing = 0;
		};
/* End PBXSourcesBuildPhase section */

/* Begin PBXTargetDependency section */
		4B95609A1AA249EB00104A44 /* PBXTargetDependency */ = {
			isa = PBXTargetDependency;
			target = 4B9560851AA249EB00104A44 /* Say */;
			targetProxy = 4B9560991AA249EB00104A44 /* PBXContainerItemProxy */;
		};
/* End PBXTargetDependency section */

/* Begin PBXVariantGroup section */
		4B9560911AA249EB00104A44 /* Main.storyboard */ = {
			isa = PBXVariantGroup;
			children = (
				4B9560921AA249EB00104A44 /* Base */,
			);
			name = Main.storyboard;
			sourceTree = "<group>";
		};
/* End PBXVariantGroup section */

/* Begin XCBuildConfiguration section */
		4B9560A01AA249EB00104A44 /* Debug */ = {
			isa = XCBuildConfiguration;
			buildSettings = {
				ALWAYS_SEARCH_USER_PATHS = NO;
				CLANG_CXX_LANGUAGE_STANDARD = "gnu++0x";
				CLANG_CXX_LIBRARY = "libc++";
				CLANG_ENABLE_MODULES = YES;
				CLANG_ENABLE_OBJC_ARC = YES;
				CLANG_WARN_BOOL_CONVERSION = YES;
				CLANG_WARN_CONSTANT_CONVERSION = YES;
				CLANG_WARN_DIRECT_OBJC_ISA_USAGE = YES_ERROR;
				CLANG_WARN_EMPTY_BODY = YES;
				CLANG_WARN_ENUM_CONVERSION = YES;
				CLANG_WARN_INT_CONVERSION = YES;
				CLANG_WARN_OBJC_ROOT_CLASS = YES_ERROR;
				CLANG_WARN_UNREACHABLE_CODE = YES;
				CLANG_WARN__DUPLICATE_METHOD_MATCH = YES;
				CODE_SIGN_IDENTITY = "-";
				COPY_PHASE_STRIP = NO;
				ENABLE_STRICT_OBJC_MSGSEND = YES;
				GCC_C_LANGUAGE_STANDARD = gnu99;
				GCC_DYNAMIC_NO_PIC = NO;
				GCC_OPTIMIZATION_LEVEL = 0;
				GCC_PREPROCESSOR_DEFINITIONS = (
					"DEBUG=1",
					"$(inherited)",
				);
				GCC_SYMBOLS_PRIVATE_EXTERN = NO;
				GCC_WARN_64_TO_32_BIT_CONVERSION = YES;
				GCC_WARN_ABOUT_RETURN_TYPE = YES_ERROR;
				GCC_WARN_UNDECLARED_SELECTOR = YES;
				GCC_WARN_UNINITIALIZED_AUTOS = YES_AGGRESSIVE;
				GCC_WARN_UNUSED_FUNCTION = YES;
				GCC_WARN_UNUSED_VARIABLE = YES;
				MACOSX_DEPLOYMENT_TARGET = 10.10;
				MTL_ENABLE_DEBUG_INFO = YES;
				ONLY_ACTIVE_ARCH = YES;
				SDKROOT = macosx;
				SWIFT_OPTIMIZATION_LEVEL = "-Onone";
			};
			name = Debug;
		};
		4B9560A11AA249EB00104A44 /* Release */ = {
			isa = XCBuildConfiguration;
			buildSettings = {
				ALWAYS_SEARCH_USER_PATHS = NO;
				CLANG_CXX_LANGUAGE_STANDARD = "gnu++0x";
				CLANG_CXX_LIBRARY = "libc++";
				CLANG_ENABLE_MODULES = YES;
				CLANG_ENABLE_OBJC_ARC = YES;
				CLANG_WARN_BOOL_CONVERSION = YES;
				CLANG_WARN_CONSTANT_CONVERSION = YES;
				CLANG_WARN_DIRECT_OBJC_ISA_USAGE = YES_ERROR;
				CLANG_WARN_EMPTY_BODY = YES;
				CLANG_WARN_ENUM_CONVERSION = YES;
				CLANG_WARN_INT_CONVERSION = YES;
				CLANG_WARN_OBJC_ROOT_CLASS = YES_ERROR;
				CLANG_WARN_UNREACHABLE_CODE = YES;
				CLANG_WARN__DUPLICATE_METHOD_MATCH = YES;
				CODE_SIGN_IDENTITY = "-";
				COPY_PHASE_STRIP = YES;
				DEBUG_INFORMATION_FORMAT = "dwarf-with-dsym";
				ENABLE_NS_ASSERTIONS = NO;
				ENABLE_STRICT_OBJC_MSGSEND = YES;
				GCC_C_LANGUAGE_STANDARD = gnu99;
				GCC_WARN_64_TO_32_BIT_CONVERSION = YES;
				GCC_WARN_ABOUT_RETURN_TYPE = YES_ERROR;
				GCC_WARN_UNDECLARED_SELECTOR = YES;
				GCC_WARN_UNINITIALIZED_AUTOS = YES_AGGRESSIVE;
				GCC_WARN_UNUSED_FUNCTION = YES;
				GCC_WARN_UNUSED_VARIABLE = YES;
				MACOSX_DEPLOYMENT_TARGET = 10.10;
				MTL_ENABLE_DEBUG_INFO = NO;
				SDKROOT = macosx;
			};
			name = Release;
		};
		4B9560A31AA249EB00104A44 /* Debug */ = {
			isa = XCBuildConfiguration;
			buildSettings = {
				ASSETCATALOG_COMPILER_APPICON_NAME = AppIcon;
				COMBINE_HIDPI_IMAGES = YES;
				INFOPLIST_FILE = Say/Info.plist;
				LD_RUNPATH_SEARCH_PATHS = "$(inherited) @executable_path/../Frameworks";
				PRODUCT_NAME = "$(TARGET_NAME)";
			};
			name = Debug;
		};
		4B9560A41AA249EB00104A44 /* Release */ = {
			isa = XCBuildConfiguration;
			buildSettings = {
				ASSETCATALOG_COMPILER_APPICON_NAME = AppIcon;
				COMBINE_HIDPI_IMAGES = YES;
				INFOPLIST_FILE = Say/Info.plist;
				LD_RUNPATH_SEARCH_PATHS = "$(inherited) @executable_path/../Frameworks";
				PRODUCT_NAME = "$(TARGET_NAME)";
			};
			name = Release;
		};
		4B9560A61AA249EB00104A44 /* Debug */ = {
			isa = XCBuildConfiguration;
			buildSettings = {
				BUNDLE_LOADER = "$(TEST_HOST)";
				COMBINE_HIDPI_IMAGES = YES;
				FRAMEWORK_SEARCH_PATHS = (
					"$(DEVELOPER_FRAMEWORKS_DIR)",
					"$(inherited)",
				);
				GCC_PREPROCESSOR_DEFINITIONS = (
					"DEBUG=1",
					"$(inherited)",
				);
				INFOPLIST_FILE = SayTests/Info.plist;
				LD_RUNPATH_SEARCH_PATHS = "$(inherited) @executable_path/../Frameworks @loader_path/../Frameworks";
				PRODUCT_NAME = "$(TARGET_NAME)";
				TEST_HOST = "$(BUILT_PRODUCTS_DIR)/Say.app/Contents/MacOS/Say";
			};
			name = Debug;
		};
		4B9560A71AA249EB00104A44 /* Release */ = {
			isa = XCBuildConfiguration;
			buildSettings = {
				BUNDLE_LOADER = "$(TEST_HOST)";
				COMBINE_HIDPI_IMAGES = YES;
				FRAMEWORK_SEARCH_PATHS = (
					"$(DEVELOPER_FRAMEWORKS_DIR)",
					"$(inherited)",
				);
				INFOPLIST_FILE = SayTests/Info.plist;
				LD_RUNPATH_SEARCH_PATHS = "$(inherited) @executable_path/../Frameworks @loader_path/../Frameworks";
				PRODUCT_NAME = "$(TARGET_NAME)";
				TEST_HOST = "$(BUILT_PRODUCTS_DIR)/Say.app/Contents/MacOS/Say";
			};
			name = Release;
		};
/* End XCBuildConfiguration section */

/* Begin XCConfigurationList section */
		4B9560811AA249EB00104A44 /* Build configuration list for PBXProject "Say" */ = {
			isa = XCConfigurationList;
			buildConfigurations = (
				4B9560A01AA249EB00104A44 /* Debug */,
				4B9560A11AA249EB00104A44 /* Release */,
			);
			defaultConfigurationIsVisible = 0;
			defaultConfigurationName = Release;
		};
		4B9560A21AA249EB00104A44 /* Build configuration list for PBXNativeTarget "Say" */ = {
			isa = XCConfigurationList;
			buildConfigurations = (
				4B9560A31AA249EB00104A44 /* Debug */,
				4B9560A41AA249EB00104A44 /* Release */,
			);
			defaultConfigurationIsVisible = 0;
		};
		4B9560A51AA249EB00104A44 /* Build configuration list for PBXNativeTarget "SayTests" */ = {
			isa = XCConfigurationList;
			buildConfigurations = (
				4B9560A61AA249EB00104A44 /* Debug */,
				4B9560A71AA249EB00104A44 /* Release */,
			);
			defaultConfigurationIsVisible = 0;
		};
/* End XCConfigurationList section */
	};
	rootObject = 4B95607E1AA249EB00104A44 /* Project object */;
}
